// !$*UTF8*$!
{
	archiveVersion = 1;
	classes = {
	};
	objectVersion = 46;
	objects = {

/* Begin PBXBuildFile section */
		8F0ED2E814FC195800563787 /* UIKit.framework in Frameworks */ = {isa = PBXBuildFile; fileRef = 8F0ED2E714FC195800563787 /* UIKit.framework */; };
		8F0ED2EA14FC195800563787 /* Foundation.framework in Frameworks */ = {isa = PBXBuildFile; fileRef = 8F0ED2E914FC195800563787 /* Foundation.framework */; };
		8F0ED2EC14FC195800563787 /* CoreGraphics.framework in Frameworks */ = {isa = PBXBuildFile; fileRef = 8F0ED2EB14FC195800563787 /* CoreGraphics.framework */; };
		8F0ED2F214FC195800563787 /* InfoPlist.strings in Resources */ = {isa = PBXBuildFile; fileRef = 8F0ED2F014FC195800563787 /* InfoPlist.strings */; };
		8F0ED2F414FC195800563787 /* main.m in Sources */ = {isa = PBXBuildFile; fileRef = 8F0ED2F314FC195800563787 /* main.m */; };
		8F0ED2F814FC195800563787 /* ABSAppDelegate.m in Sources */ = {isa = PBXBuildFile; fileRef = 8F0ED2F714FC195800563787 /* ABSAppDelegate.m */; };
		8F0ED2FB14FC195800563787 /* ABSViewController.m in Sources */ = {isa = PBXBuildFile; fileRef = 8F0ED2FA14FC195800563787 /* ABSViewController.m */; };
		8F0ED2FE14FC195800563787 /* ABSViewController.xib in Resources */ = {isa = PBXBuildFile; fileRef = 8F0ED2FC14FC195800563787 /* ABSViewController.xib */; };
		8F0ED30714FC1A9300563787 /* libiOSJavaScriptCore.a in Frameworks */ = {isa = PBXBuildFile; fileRef = 8F0ED30614FC1A9300563787 /* libiOSJavaScriptCore.a */; };
		8F0ED31714FC1FB500563787 /* libstdc++.dylib in Frameworks */ = {isa = PBXBuildFile; fileRef = 8F0ED31614FC1FB500563787 /* libstdc++.dylib */; };
		8F0ED31914FC1FC600563787 /* libicucore.dylib in Frameworks */ = {isa = PBXBuildFile; fileRef = 8F0ED31814FC1FC600563787 /* libicucore.dylib */; };
		8F0ED31B14FC1FD800563787 /* AddressBook.framework in Frameworks */ = {isa = PBXBuildFile; fileRef = 8F0ED31A14FC1FD800563787 /* AddressBook.framework */; };
		8F0ED31E14FC2A0300563787 /* ABSEngine.m in Sources */ = {isa = PBXBuildFile; fileRef = 8F0ED31D14FC2A0300563787 /* ABSEngine.m */; };
		8F0ED32514FC3D4D00563787 /* handlebars-1.0.0.beta.6.js in Resources */ = {isa = PBXBuildFile; fileRef = 8F0ED32314FC3C2800563787 /* handlebars-1.0.0.beta.6.js */; };
/* End PBXBuildFile section */

/* Begin PBXFileReference section */
		8F0ED2E314FC195800563787 /* AddressBookSpy.app */ = {isa = PBXFileReference; explicitFileType = wrapper.application; includeInIndex = 0; path = AddressBookSpy.app; sourceTree = BUILT_PRODUCTS_DIR; };
		8F0ED2E714FC195800563787 /* UIKit.framework */ = {isa = PBXFileReference; lastKnownFileType = wrapper.framework; name = UIKit.framework; path = System/Library/Frameworks/UIKit.framework; sourceTree = SDKROOT; };
		8F0ED2E914FC195800563787 /* Foundation.framework */ = {isa = PBXFileReference; lastKnownFileType = wrapper.framework; name = Foundation.framework; path = System/Library/Frameworks/Foundation.framework; sourceTree = SDKROOT; };
		8F0ED2EB14FC195800563787 /* CoreGraphics.framework */ = {isa = PBXFileReference; lastKnownFileType = wrapper.framework; name = CoreGraphics.framework; path = System/Library/Frameworks/CoreGraphics.framework; sourceTree = SDKROOT; };
		8F0ED2EF14FC195800563787 /* AddressBookSpy-Info.plist */ = {isa = PBXFileReference; lastKnownFileType = text.plist.xml; path = "AddressBookSpy-Info.plist"; sourceTree = "<group>"; };
		8F0ED2F114FC195800563787 /* en */ = {isa = PBXFileReference; lastKnownFileType = text.plist.strings; name = en; path = en.lproj/InfoPlist.strings; sourceTree = "<group>"; };
		8F0ED2F314FC195800563787 /* main.m */ = {isa = PBXFileReference; lastKnownFileType = sourcecode.c.objc; path = main.m; sourceTree = "<group>"; };
		8F0ED2F514FC195800563787 /* AddressBookSpy-Prefix.pch */ = {isa = PBXFileReference; lastKnownFileType = sourcecode.c.h; path = "AddressBookSpy-Prefix.pch"; sourceTree = "<group>"; };
		8F0ED2F614FC195800563787 /* ABSAppDelegate.h */ = {isa = PBXFileReference; lastKnownFileType = sourcecode.c.h; path = ABSAppDelegate.h; sourceTree = "<group>"; };
		8F0ED2F714FC195800563787 /* ABSAppDelegate.m */ = {isa = PBXFileReference; lastKnownFileType = sourcecode.c.objc; path = ABSAppDelegate.m; sourceTree = "<group>"; };
		8F0ED2F914FC195800563787 /* ABSViewController.h */ = {isa = PBXFileReference; lastKnownFileType = sourcecode.c.h; path = ABSViewController.h; sourceTree = "<group>"; };
		8F0ED2FA14FC195800563787 /* ABSViewController.m */ = {isa = PBXFileReference; lastKnownFileType = sourcecode.c.objc; path = ABSViewController.m; sourceTree = "<group>"; };
		8F0ED2FD14FC195800563787 /* en */ = {isa = PBXFileReference; lastKnownFileType = file.xib; name = en; path = en.lproj/ABSViewController.xib; sourceTree = "<group>"; };
		8F0ED30614FC1A9300563787 /* libiOSJavaScriptCore.a */ = {isa = PBXFileReference; lastKnownFileType = archive.ar; path = libiOSJavaScriptCore.a; sourceTree = "<group>"; };
		8F0ED30D14FC1C2C00563787 /* JavaScript.h */ = {isa = PBXFileReference; fileEncoding = 4; lastKnownFileType = sourcecode.c.h; path = JavaScript.h; sourceTree = "<group>"; };
		8F0ED30E14FC1C2C00563787 /* JavaScriptCore.h */ = {isa = PBXFileReference; fileEncoding = 4; lastKnownFileType = sourcecode.c.h; path = JavaScriptCore.h; sourceTree = "<group>"; };
		8F0ED30F14FC1C2C00563787 /* JSBase.h */ = {isa = PBXFileReference; fileEncoding = 4; lastKnownFileType = sourcecode.c.h; path = JSBase.h; sourceTree = "<group>"; };
		8F0ED31014FC1C2C00563787 /* JSContextRef.h */ = {isa = PBXFileReference; fileEncoding = 4; lastKnownFileType = sourcecode.c.h; path = JSContextRef.h; sourceTree = "<group>"; };
		8F0ED31114FC1C2C00563787 /* JSObjectRef.h */ = {isa = PBXFileReference; fileEncoding = 4; lastKnownFileType = sourcecode.c.h; path = JSObjectRef.h; sourceTree = "<group>"; };
		8F0ED31214FC1C2C00563787 /* JSStringRef.h */ = {isa = PBXFileReference; fileEncoding = 4; lastKnownFileType = sourcecode.c.h; path = JSStringRef.h; sourceTree = "<group>"; };
		8F0ED31314FC1C2C00563787 /* JSStringRefCF.h */ = {isa = PBXFileReference; fileEncoding = 4; lastKnownFileType = sourcecode.c.h; path = JSStringRefCF.h; sourceTree = "<group>"; };
		8F0ED31414FC1C2C00563787 /* JSValueRef.h */ = {isa = PBXFileReference; fileEncoding = 4; lastKnownFileType = sourcecode.c.h; path = JSValueRef.h; sourceTree = "<group>"; };
		8F0ED31514FC1C2C00563787 /* WebKitAvailability.h */ = {isa = PBXFileReference; fileEncoding = 4; lastKnownFileType = sourcecode.c.h; path = WebKitAvailability.h; sourceTree = "<group>"; };
		8F0ED31614FC1FB500563787 /* libstdc++.dylib */ = {isa = PBXFileReference; lastKnownFileType = "compiled.mach-o.dylib"; name = "libstdc++.dylib"; path = "usr/lib/libstdc++.dylib"; sourceTree = SDKROOT; };
		8F0ED31814FC1FC600563787 /* libicucore.dylib */ = {isa = PBXFileReference; lastKnownFileType = "compiled.mach-o.dylib"; name = libicucore.dylib; path = usr/lib/libicucore.dylib; sourceTree = SDKROOT; };
		8F0ED31A14FC1FD800563787 /* AddressBook.framework */ = {isa = PBXFileReference; lastKnownFileType = wrapper.framework; name = AddressBook.framework; path = System/Library/Frameworks/AddressBook.framework; sourceTree = SDKROOT; };
		8F0ED31C14FC2A0300563787 /* ABSEngine.h */ = {isa = PBXFileReference; fileEncoding = 4; lastKnownFileType = sourcecode.c.h; path = ABSEngine.h; sourceTree = "<group>"; };
		8F0ED31D14FC2A0300563787 /* ABSEngine.m */ = {isa = PBXFileReference; fileEncoding = 4; lastKnownFileType = sourcecode.c.objc; path = ABSEngine.m; sourceTree = "<group>"; };
		8F0ED32314FC3C2800563787 /* handlebars-1.0.0.beta.6.js */ = {isa = PBXFileReference; fileEncoding = 4; lastKnownFileType = sourcecode.javascript; path = "handlebars-1.0.0.beta.6.js"; sourceTree = "<group>"; };
/* End PBXFileReference section */

/* Begin PBXFrameworksBuildPhase section */
		8F0ED2E014FC195800563787 /* Frameworks */ = {
			isa = PBXFrameworksBuildPhase;
			buildActionMask = 2147483647;
			files = (
				8F0ED31B14FC1FD800563787 /* AddressBook.framework in Frameworks */,
				8F0ED2E814FC195800563787 /* UIKit.framework in Frameworks */,
				8F0ED2EA14FC195800563787 /* Foundation.framework in Frameworks */,
				8F0ED2EC14FC195800563787 /* CoreGraphics.framework in Frameworks */,
				8F0ED31914FC1FC600563787 /* libicucore.dylib in Frameworks */,
				8F0ED31714FC1FB500563787 /* libstdc++.dylib in Frameworks */,
				8F0ED30714FC1A9300563787 /* libiOSJavaScriptCore.a in Frameworks */,
			);
			runOnlyForDeploymentPostprocessing = 0;
		};
/* End PBXFrameworksBuildPhase section */

/* Begin PBXGroup section */
		8F0ED2D814FC195800563787 = {
			isa = PBXGroup;
			children = (
				8F0ED31F14FC356200563787 /* Resources */,
				8F0ED30C14FC1C2C00563787 /* JavaScriptCore */,
				8F0ED2ED14FC195800563787 /* AddressBookSpy */,
				8F0ED2E614FC195800563787 /* Frameworks */,
				8F0ED2E414FC195800563787 /* Products */,
			);
			sourceTree = "<group>";
		};
		8F0ED2E414FC195800563787 /* Products */ = {
			isa = PBXGroup;
			children = (
				8F0ED2E314FC195800563787 /* AddressBookSpy.app */,
			);
			name = Products;
			sourceTree = "<group>";
		};
		8F0ED2E614FC195800563787 /* Frameworks */ = {
			isa = PBXGroup;
			children = (
				8F0ED31A14FC1FD800563787 /* AddressBook.framework */,
				8F0ED31814FC1FC600563787 /* libicucore.dylib */,
				8F0ED31614FC1FB500563787 /* libstdc++.dylib */,
				8F0ED30614FC1A9300563787 /* libiOSJavaScriptCore.a */,
				8F0ED2E714FC195800563787 /* UIKit.framework */,
				8F0ED2E914FC195800563787 /* Foundation.framework */,
				8F0ED2EB14FC195800563787 /* CoreGraphics.framework */,
			);
			name = Frameworks;
			sourceTree = "<group>";
		};
		8F0ED2ED14FC195800563787 /* AddressBookSpy */ = {
			isa = PBXGroup;
			children = (
				8F0ED2F614FC195800563787 /* ABSAppDelegate.h */,
				8F0ED2F714FC195800563787 /* ABSAppDelegate.m */,
				8F0ED2F914FC195800563787 /* ABSViewController.h */,
				8F0ED2FA14FC195800563787 /* ABSViewController.m */,
				8F0ED2FC14FC195800563787 /* ABSViewController.xib */,
				8F0ED2EE14FC195800563787 /* Supporting Files */,
				8F0ED31C14FC2A0300563787 /* ABSEngine.h */,
				8F0ED31D14FC2A0300563787 /* ABSEngine.m */,
			);
			path = AddressBookSpy;
			sourceTree = "<group>";
		};
		8F0ED2EE14FC195800563787 /* Supporting Files */ = {
			isa = PBXGroup;
			children = (
				8F0ED2EF14FC195800563787 /* AddressBookSpy-Info.plist */,
				8F0ED2F014FC195800563787 /* InfoPlist.strings */,
				8F0ED2F314FC195800563787 /* main.m */,
				8F0ED2F514FC195800563787 /* AddressBookSpy-Prefix.pch */,
			);
			name = "Supporting Files";
			sourceTree = "<group>";
		};
		8F0ED30C14FC1C2C00563787 /* JavaScriptCore */ = {
			isa = PBXGroup;
			children = (
				8F0ED30D14FC1C2C00563787 /* JavaScript.h */,
				8F0ED30E14FC1C2C00563787 /* JavaScriptCore.h */,
				8F0ED30F14FC1C2C00563787 /* JSBase.h */,
				8F0ED31014FC1C2C00563787 /* JSContextRef.h */,
				8F0ED31114FC1C2C00563787 /* JSObjectRef.h */,
				8F0ED31214FC1C2C00563787 /* JSStringRef.h */,
				8F0ED31314FC1C2C00563787 /* JSStringRefCF.h */,
				8F0ED31414FC1C2C00563787 /* JSValueRef.h */,
				8F0ED31514FC1C2C00563787 /* WebKitAvailability.h */,
			);
			path = JavaScriptCore;
			sourceTree = "<group>";
		};
		8F0ED31F14FC356200563787 /* Resources */ = {
			isa = PBXGroup;
			children = (
				8F0ED32314FC3C2800563787 /* handlebars-1.0.0.beta.6.js */,
			);
			name = Resources;
			sourceTree = "<group>";
		};
/* End PBXGroup section */

/* Begin PBXNativeTarget section */
		8F0ED2E214FC195800563787 /* AddressBookSpy */ = {
			isa = PBXNativeTarget;
			buildConfigurationList = 8F0ED30114FC195800563787 /* Build configuration list for PBXNativeTarget "AddressBookSpy" */;
			buildPhases = (
				8F0ED2DF14FC195800563787 /* Sources */,
				8F0ED2E014FC195800563787 /* Frameworks */,
				8F0ED2E114FC195800563787 /* Resources */,
			);
			buildRules = (
			);
			dependencies = (
			);
			name = AddressBookSpy;
			productName = AddressBookSpy;
			productReference = 8F0ED2E314FC195800563787 /* AddressBookSpy.app */;
			productType = "com.apple.product-type.application";
		};
/* End PBXNativeTarget section */

/* Begin PBXProject section */
		8F0ED2DA14FC195800563787 /* Project object */ = {
			isa = PBXProject;
			attributes = {
				CLASSPREFIX = ABS;
				LastUpgradeCheck = 0430;
				ORGANIZATIONNAME = Springenwerk;
			};
			buildConfigurationList = 8F0ED2DD14FC195800563787 /* Build configuration list for PBXProject "AddressBookSpy" */;
			compatibilityVersion = "Xcode 3.2";
			developmentRegion = English;
			hasScannedForEncodings = 0;
			knownRegions = (
				en,
			);
			mainGroup = 8F0ED2D814FC195800563787;
			productRefGroup = 8F0ED2E414FC195800563787 /* Products */;
			projectDirPath = "";
			projectRoot = "";
			targets = (
				8F0ED2E214FC195800563787 /* AddressBookSpy */,
			);
		};
/* End PBXProject section */

/* Begin PBXResourcesBuildPhase section */
		8F0ED2E114FC195800563787 /* Resources */ = {
			isa = PBXResourcesBuildPhase;
			buildActionMask = 2147483647;
			files = (
				8F0ED2F214FC195800563787 /* InfoPlist.strings in Resources */,
				8F0ED2FE14FC195800563787 /* ABSViewController.xib in Resources */,
				8F0ED32514FC3D4D00563787 /* handlebars-1.0.0.beta.6.js in Resources */,
			);
			runOnlyForDeploymentPostprocessing = 0;
		};
/* End PBXResourcesBuildPhase section */

/* Begin PBXSourcesBuildPhase section */
		8F0ED2DF14FC195800563787 /* Sources */ = {
			isa = PBXSourcesBuildPhase;
			buildActionMask = 2147483647;
			files = (
				8F0ED2F414FC195800563787 /* main.m in Sources */,
				8F0ED2F814FC195800563787 /* ABSAppDelegate.m in Sources */,
				8F0ED2FB14FC195800563787 /* ABSViewController.m in Sources */,
				8F0ED31E14FC2A0300563787 /* ABSEngine.m in Sources */,
			);
			runOnlyForDeploymentPostprocessing = 0;
		};
/* End PBXSourcesBuildPhase section */

/* Begin PBXVariantGroup section */
		8F0ED2F014FC195800563787 /* InfoPlist.strings */ = {
			isa = PBXVariantGroup;
			children = (
				8F0ED2F114FC195800563787 /* en */,
			);
			name = InfoPlist.strings;
			sourceTree = "<group>";
		};
		8F0ED2FC14FC195800563787 /* ABSViewController.xib */ = {
			isa = PBXVariantGroup;
			children = (
				8F0ED2FD14FC195800563787 /* en */,
			);
			name = ABSViewController.xib;
			sourceTree = "<group>";
		};
/* End PBXVariantGroup section */

/* Begin XCBuildConfiguration section */
		8F0ED2FF14FC195800563787 /* Debug */ = {
			isa = XCBuildConfiguration;
			buildSettings = {
				ALWAYS_SEARCH_USER_PATHS = NO;
				ARCHS = "$(ARCHS_STANDARD_32_BIT)";
				CLANG_ENABLE_OBJC_ARC = YES;
				"CODE_SIGN_IDENTITY[sdk=iphoneos*]" = "iPhone Developer";
				COPY_PHASE_STRIP = NO;
				GCC_C_LANGUAGE_STANDARD = gnu99;
				GCC_DYNAMIC_NO_PIC = NO;
				GCC_OPTIMIZATION_LEVEL = 0;
				GCC_PREPROCESSOR_DEFINITIONS = (
					"DEBUG=1",
					"$(inherited)",
				);
				GCC_SYMBOLS_PRIVATE_EXTERN = NO;
				GCC_VERSION = com.apple.compilers.llvm.clang.1_0;
				GCC_WARN_ABOUT_RETURN_TYPE = YES;
				GCC_WARN_UNINITIALIZED_AUTOS = YES;
				GCC_WARN_UNUSED_VARIABLE = YES;
				IPHONEOS_DEPLOYMENT_TARGET = 5.0;
				SDKROOT = iphoneos;
			};
			name = Debug;
		};
		8F0ED30014FC195800563787 /* Release */ = {
			isa = XCBuildConfiguration;
			buildSettings = {
				ALWAYS_SEARCH_USER_PATHS = NO;
				ARCHS = "$(ARCHS_STANDARD_32_BIT)";
				CLANG_ENABLE_OBJC_ARC = YES;
				"CODE_SIGN_IDENTITY[sdk=iphoneos*]" = "iPhone Developer";
				COPY_PHASE_STRIP = YES;
				GCC_C_LANGUAGE_STANDARD = gnu99;
				GCC_VERSION = com.apple.compilers.llvm.clang.1_0;
				GCC_WARN_ABOUT_RETURN_TYPE = YES;
				GCC_WARN_UNINITIALIZED_AUTOS = YES;
				GCC_WARN_UNUSED_VARIABLE = YES;
				IPHONEOS_DEPLOYMENT_TARGET = 5.0;
				OTHER_CFLAGS = "-DNS_BLOCK_ASSERTIONS=1";
				SDKROOT = iphoneos;
				VALIDATE_PRODUCT = YES;
			};
			name = Release;
		};
		8F0ED30214FC195800563787 /* Debug */ = {
			isa = XCBuildConfiguration;
			buildSettings = {
				GCC_PRECOMPILE_PREFIX_HEADER = YES;
				GCC_PREFIX_HEADER = "AddressBookSpy/AddressBookSpy-Prefix.pch";
				HEADER_SEARCH_PATHS = "${SOURCE_ROOT}";
				INFOPLIST_FILE = "AddressBookSpy/AddressBookSpy-Info.plist";
				LIBRARY_SEARCH_PATHS = (
					"$(inherited)",
					"\"$(SRCROOT)\"",
				);
				PRODUCT_NAME = "$(TARGET_NAME)";
				WRAPPER_EXTENSION = app;
			};
			name = Debug;
		};
		8F0ED30314FC195800563787 /* Release */ = {
			isa = XCBuildConfiguration;
			buildSettings = {
				GCC_PRECOMPILE_PREFIX_HEADER = YES;
				GCC_PREFIX_HEADER = "AddressBookSpy/AddressBookSpy-Prefix.pch";
				HEADER_SEARCH_PATHS = "${SOURCE_ROOT}";
				INFOPLIST_FILE = "AddressBookSpy/AddressBookSpy-Info.plist";
				LIBRARY_SEARCH_PATHS = (
					"$(inherited)",
					"\"$(SRCROOT)\"",
				);
				PRODUCT_NAME = "$(TARGET_NAME)";
				WRAPPER_EXTENSION = app;
			};
			name = Release;
		};
/* End XCBuildConfiguration section */

/* Begin XCConfigurationList section */
		8F0ED2DD14FC195800563787 /* Build configuration list for PBXProject "AddressBookSpy" */ = {
			isa = XCConfigurationList;
			buildConfigurations = (
				8F0ED2FF14FC195800563787 /* Debug */,
				8F0ED30014FC195800563787 /* Release */,
			);
			defaultConfigurationIsVisible = 0;
			defaultConfigurationName = Release;
		};
		8F0ED30114FC195800563787 /* Build configuration list for PBXNativeTarget "AddressBookSpy" */ = {
			isa = XCConfigurationList;
			buildConfigurations = (
				8F0ED30214FC195800563787 /* Debug */,
				8F0ED30314FC195800563787 /* Release */,
			);
			defaultConfigurationIsVisible = 0;
			defaultConfigurationName = Release;
		};
/* End XCConfigurationList section */
	};
	rootObject = 8F0ED2DA14FC195800563787 /* Project object */;
}
